
Microsoft Visual Studio Solution File, Format Version 12.00
# Visual Studio Version 17
VisualStudioVersion = 17.4.33103.184
MinimumVisualStudioVersion = 10.0.40219.1
Project("{9A19103F-16F7-4668-BE54-9A1E7A4F7556}") = "Host", "BrielinaBot.Server\Host.csproj", "{1248F868-E123-4AB9-90AD-9832985DCF75}"
EndProject
Project("{9A19103F-16F7-4668-BE54-9A1E7A4F7556}") = "Dominio", "Dominio\Dominio.csproj", "{1803D9D6-DA25-40B7-A144-332BCCA26173}"
EndProject
Project("{9A19103F-16F7-4668-BE54-9A1E7A4F7556}") = "Infraestrutura", "Infraestrutura\Infraestrutura.csproj", "{BCFACC7C-DDAA-44AF-9ECF-AE392029E9F7}"
EndProject
Project("{9A19103F-16F7-4668-BE54-9A1E7A4F7556}") = "InjecaoDependecia", "InjecaoDependecia\InjecaoDependecia.csproj", "{0823F3B0-50B7-414B-AE99-C41440AAF75C}"
EndProject
Project("{9A19103F-16F7-4668-BE54-9A1E7A4F7556}") = "Automacao.Animais", "Automacao.Animais\Automacao.Animais.csproj", "{27E6F886-F229-4867-9E7E-8B90C425DFA8}"
EndProject
Project("{FAE04EC0-301F-11D3-BF4B-00C04F79EFBC}") = "Automacao.Albion", "Automacao.Albion\Automacao.Albion.csproj", "{456BD5EE-8097-4A92-B0DE-E9DA9283119B}"
EndProject
Global
	GlobalSection(SolutionConfigurationPlatforms) = preSolution
		Debug|Any CPU = Debug|Any CPU
		Release|Any CPU = Release|Any CPU
	EndGlobalSection
	GlobalSection(ProjectConfigurationPlatforms) = postSolution
		{1248F868-E123-4AB9-90AD-9832985DCF75}.Debug|Any CPU.ActiveCfg = Debug|Any CPU
		{1248F868-E123-4AB9-90AD-9832985DCF75}.Debug|Any CPU.Build.0 = Debug|Any CPU
		{1248F868-E123-4AB9-90AD-9832985DCF75}.Release|Any CPU.ActiveCfg = Release|Any CPU
		{1248F868-E123-4AB9-90AD-9832985DCF75}.Release|Any CPU.Build.0 = Release|Any CPU
		{1803D9D6-DA25-40B7-A144-332BCCA26173}.Debug|Any CPU.ActiveCfg = Debug|Any CPU
		{1803D9D6-DA25-40B7-A144-332BCCA26173}.Debug|Any CPU.Build.0 = Debug|Any CPU
		{1803D9D6-DA25-40B7-A144-332BCCA26173}.Release|Any CPU.ActiveCfg = Release|Any CPU
		{1803D9D6-DA25-40B7-A144-332BCCA26173}.Release|Any CPU.Build.0 = Release|Any CPU
		{BCFACC7C-DDAA-44AF-9ECF-AE392029E9F7}.Debug|Any CPU.ActiveCfg = Debug|Any CPU
		{BCFACC7C-DDAA-44AF-9ECF-AE392029E9F7}.Debug|Any CPU.Build.0 = Debug|Any CPU
		{BCFACC7C-DDAA-44AF-9ECF-AE392029E9F7}.Release|Any CPU.ActiveCfg = Release|Any CPU
		{BCFACC7C-DDAA-44AF-9ECF-AE392029E9F7}.Release|Any CPU.Build.0 = Release|Any CPU
		{0823F3B0-50B7-414B-AE99-C41440AAF75C}.Debug|Any CPU.ActiveCfg = Debug|Any CPU
		{0823F3B0-50B7-414B-AE99-C41440AAF75C}.Debug|Any CPU.Build.0 = Debug|Any CPU
		{0823F3B0-50B7-414B-AE99-C41440AAF75C}.Release|Any CPU.ActiveCfg = Release|Any CPU
		{0823F3B0-50B7-414B-AE99-C41440AAF75C}.Release|Any CPU.Build.0 = Release|Any CPU
		{27E6F886-F229-4867-9E7E-8B90C425DFA8}.Debug|Any CPU.ActiveCfg = Debug|Any CPU
		{27E6F886-F229-4867-9E7E-8B90C425DFA8}.Debug|Any CPU.Build.0 = Debug|Any CPU
		{27E6F886-F229-4867-9E7E-8B90C425DFA8}.Release|Any CPU.ActiveCfg = Release|Any CPU
		{27E6F886-F229-4867-9E7E-8B90C425DFA8}.Release|Any CPU.Build.0 = Release|Any CPU
		{456BD5EE-8097-4A92-B0DE-E9DA9283119B}.Debug|Any CPU.ActiveCfg = Debug|Any CPU
		{456BD5EE-8097-4A92-B0DE-E9DA9283119B}.Debug|Any CPU.Build.0 = Debug|Any CPU
		{456BD5EE-8097-4A92-B0DE-E9DA9283119B}.Release|Any CPU.ActiveCfg = Release|Any CPU
		{456BD5EE-8097-4A92-B0DE-E9DA9283119B}.Release|Any CPU.Build.0 = Release|Any CPU
	EndGlobalSection
	GlobalSection(SolutionProperties) = preSolution
		HideSolutionNode = FALSE
	EndGlobalSection
	GlobalSection(ExtensibilityGlobals) = postSolution
		SolutionGuid = {348AA76F-EE8C-4268-9CB7-53BC5EDC4381}
	EndGlobalSection
EndGlobal
